<?xml version="1.0" encoding="UTF-8"?>
<Scheme
   LastUpgradeVersion = "0810"
   version = "1.3">
   <BuildAction
      parallelizeBuildables = "YES"
      buildImplicitDependencies = "YES">
      <BuildActionEntries>
         <BuildActionEntry
            buildForTesting = "YES"
            buildForRunning = "YES"
            buildForProfiling = "YES"
            buildForArchiving = "YES"
            buildForAnalyzing = "YES">
            <BuildableReference
               BuildableIdentifier = "primary"
               BlueprintIdentifier = "9ACCBFA01D703EE400DD7368"
               BuildableName = "HCAGalleryImagePicker.framework"
               BlueprintName = "HCAGalleryImagePicker"
               ReferencedContainer = "container:HCAGalleryImagePicker.xcodeproj">
            </BuildableReference>
         </BuildActionEntry>
      </BuildActionEntries>
   </BuildAction>
   <TestAction
      buildConfiguration = "Live_Debug"
      selectedDebuggerIdentifier = "Xcode.DebuggerFoundation.Debugger.LLDB"
      selectedLauncherIdentifier = "Xcode.DebuggerFoundation.Launcher.LLDB"
      shouldUseLaunchSchemeArgsEnv = "YES">
      <Testables>
         <TestableReference
            skipped = "NO">
            <BuildableReference
               BuildableIdentifier = "primary"
               BlueprintIdentifier = "9AE6E1A61C4659E600566F8D"
               BuildableName = "HCAGalleryImagePickerTests.xctest"
               BlueprintName = "HCAGalleryImagePickerTests"
               ReferencedContainer = "container:HCAGalleryImagePicker.xcodeproj">
            </BuildableReference>
         </TestableReference>
      </Testables>
      <MacroExpansion>
         <BuildableReference
            BuildableIdentifier = "primary"
            BlueprintIdentifier = "9ACCBFA01D703EE400DD7368"
            BuildableName = "HCAGalleryImagePicker.framework"
            BlueprintName = "HCAGalleryImagePicker"
            ReferencedContainer = "container:HCAGalleryImagePicker.xcodeproj">
         </BuildableReference>
      </MacroExpansion>
      <AdditionalOptions>
      </AdditionalOptions>
   </TestAction>
   <LaunchAction
      buildConfiguration = "Dev_Debug"
      selectedDebuggerIdentifier = "Xcode.DebuggerFoundation.Debugger.LLDB"
      selectedLauncherIdentifier = "Xcode.DebuggerFoundation.Launcher.LLDB"
      launchStyle = "0"
      useCustomWorkingDirectory = "NO"
      ignoresPersistentStateOnLaunch = "NO"
      debugDocumentVersioning = "YES"
      debugServiceExtension = "internal"
      allowLocationSimulation = "YES">
      <MacroExpansion>
         <BuildableReference
            BuildableIdentifier = "primary"
            BlueprintIdentifier = "9ACCBFA01D703EE400DD7368"
            BuildableName = "HCAGalleryImagePicker.framework"
            BlueprintName = "HCAGalleryImagePicker"
            ReferencedContainer = "container:HCAGalleryImagePicker.xcodeproj">
         </BuildableReference>
      </MacroExpansion>
      <AdditionalOptions>
      </AdditionalOptions>
   </LaunchAction>
   <ProfileAction
      buildConfiguration = "Live_Release"
      shouldUseLaunchSchemeArgsEnv = "YES"
      savedToolIdentifier = ""
      useCustomWorkingDirectory = "NO"
      debugDocumentVersioning = "YES">
      <MacroExpansion>
         <BuildableReference
            BuildableIdentifier = "primary"
            BlueprintIdentifier = "9ACCBFA01D703EE400DD7368"
            BuildableName = "HCAGalleryImagePicker.framework"
            BlueprintName = "HCAGalleryImagePicker"
            ReferencedContainer = "container:HCAGalleryImagePicker.xcodeproj">
         </BuildableReference>
      </MacroExpansion>
   </ProfileAction>
   <AnalyzeAction
      buildConfiguration = "Live_Debug">
   </AnalyzeAction>
   <ArchiveAction
      buildConfiguration = "Live_Release"
      revealArchiveInOrganizer = "YES">
   </ArchiveAction>
</Scheme>
